
Microsoft Visual Studio Solution File, Format Version 12.00
# Visual Studio Version 17
VisualStudioVersion = 17.3.32825.248
MinimumVisualStudioVersion = 10.0.40219.1
Project("{FAE04EC0-301F-11D3-BF4B-00C04F79EFBC}") = "CollisionFX", "CollisionFX.csproj", "{A5C7C3AC-3F8C-4678-A3C7-DB418B8DB583}"
EndProject
Global
	GlobalSection(SolutionConfigurationPlatforms) = preSolution
		Debug|Any CPU = Debug|Any CPU
		Release|Any CPU = Release|Any CPU
	EndGlobalSection
	GlobalSection(ProjectConfigurationPlatforms) = postSolution
		{A5C7C3AC-3F8C-4678-A3C7-DB418B8DB583}.Debug|Any CPU.ActiveCfg = Debug|Any CPU
		{A5C7C3AC-3F8C-4678-A3C7-DB418B8DB583}.Debug|Any CPU.Build.0 = Debug|Any CPU
		{A5C7C3AC-3F8C-4678-A3C7-DB418B8DB583}.Release|Any CPU.ActiveCfg = Release|Any CPU
		{A5C7C3AC-3F8C-4678-A3C7-DB418B8DB583}.Release|Any CPU.Build.0 = Release|Any CPU
	EndGlobalSection
	GlobalSection(SolutionProperties) = preSolution
		HideSolutionNode = FALSE
	EndGlobalSection
	GlobalSection(ExtensibilityGlobals) = postSolution
		SolutionGuid = {FC9866CC-2BC6-493E-9852-E335B3F0FC24}
	EndGlobalSection
EndGlobal
